Microsoft Visual Studio Solution File, Format Version 12.00
# Visual Studio Version 17
VisualStudioVersion = 17.4.33213.308
MinimumVisualStudioVersion = 10.0.40219.1
Project("{9A19103F-16F7-4668-BE54-9A1E7A4F7556}") = "API", "API\API.csproj", "{55D68F2F-2AC2-405C-AF33-0A5193B4E945}"
EndProject
Project("{9A19103F-16F7-4668-BE54-9A1E7A4F7556}") = "BLL", "BLL\BLL.csproj", "{781AC768-C160-49EE-BE00-E83E50026073}"
EndProject
Project("{9A19103F-16F7-4668-BE54-9A1E7A4F7556}") = "Shared.Models", "Shared.Models\Shared.Models.csproj", "{A299FD12-D5B7-4B73-8EE9-AC65653E1B83}"
EndProject
Project("{2150E333-8FDC-42A3-9474-1A3956D46DE8}") = "Mobile", "Mobile", "{A98AE6C9-AF23-4DF6-97B5-85FE17E06ED4}"
EndProject
Project("{9A19103F-16F7-4668-BE54-9A1E7A4F7556}") = "XForms", "Mobile\XForms\XForms.csproj", "{43558FB3-4862-4B5B-8714-C069DE862676}"
EndProject
Project("{FAE04EC0-301F-11D3-BF4B-00C04F79EFBC}") = "XForms.Android", "Mobile\XForms.Android\XForms.Android.csproj", "{3F09AF17-139A-4E9E-882A-C09C04B94B74}"
EndProject
Project("{FAE04EC0-301F-11D3-BF4B-00C04F79EFBC}") = "XForms.iOS", "Mobile\XForms.iOS\XForms.iOS.csproj", "{3388E220-E607-4EE9-8ABE-842BC321D847}"
EndProject
Project("{2150E333-8FDC-42A3-9474-1A3956D46DE8}") = "Middleware", "Middleware", "{818CB9BF-B6BB-4A72-930C-ADC8ABFC71BB}"
EndProject
Project("{9A19103F-16F7-4668-BE54-9A1E7A4F7556}") = "DAL", "DAL\DAL.csproj", "{842140AF-5D49-486C-88CB-048570A74C77}"
EndProject
Project("{9A19103F-16F7-4668-BE54-9A1E7A4F7556}") = "Shared.DTO", "Shared.DTO\Shared.DTO.csproj", "{1E6825DA-CCAA-44E0-AB40-C8E210C9F6B2}"
EndProject
Project("{9A19103F-16F7-4668-BE54-9A1E7A4F7556}") = "InnovTouch_BO.Client", "InnovTouch_BO\Client\InnovTouch_BO.Client.csproj", "{96148996-F2E3-443C-8FF7-61DC0B50632A}"
EndProject
Global
	GlobalSection(SolutionConfigurationPlatforms) = preSolution
		Debug|Any CPU = Debug|Any CPU
		Debug|iPhone = Debug|iPhone
		Debug|iPhoneSimulator = Debug|iPhoneSimulator
		Release|Any CPU = Release|Any CPU
		Release|iPhone = Release|iPhone
		Release|iPhoneSimulator = Release|iPhoneSimulator
	EndGlobalSection
	GlobalSection(ProjectConfigurationPlatforms) = postSolution
		{55D68F2F-2AC2-405C-AF33-0A5193B4E945}.Debug|Any CPU.ActiveCfg = Debug|Any CPU
		{55D68F2F-2AC2-405C-AF33-0A5193B4E945}.Debug|Any CPU.Build.0 = Debug|Any CPU
		{55D68F2F-2AC2-405C-AF33-0A5193B4E945}.Debug|iPhone.ActiveCfg = Debug|Any CPU
		{55D68F2F-2AC2-405C-AF33-0A5193B4E945}.Debug|iPhone.Build.0 = Debug|Any CPU
		{55D68F2F-2AC2-405C-AF33-0A5193B4E945}.Debug|iPhoneSimulator.ActiveCfg = Debug|Any CPU
		{55D68F2F-2AC2-405C-AF33-0A5193B4E945}.Debug|iPhoneSimulator.Build.0 = Debug|Any CPU
		{55D68F2F-2AC2-405C-AF33-0A5193B4E945}.Release|Any CPU.ActiveCfg = Release|Any CPU
		{55D68F2F-2AC2-405C-AF33-0A5193B4E945}.Release|Any CPU.Build.0 = Release|Any CPU
		{55D68F2F-2AC2-405C-AF33-0A5193B4E945}.Release|iPhone.ActiveCfg = Release|Any CPU
		{55D68F2F-2AC2-405C-AF33-0A5193B4E945}.Release|iPhone.Build.0 = Release|Any CPU
		{55D68F2F-2AC2-405C-AF33-0A5193B4E945}.Release|iPhoneSimulator.ActiveCfg = Release|Any CPU
		{55D68F2F-2AC2-405C-AF33-0A5193B4E945}.Release|iPhoneSimulator.Build.0 = Release|Any CPU
		{781AC768-C160-49EE-BE00-E83E50026073}.Debug|Any CPU.ActiveCfg = Debug|Any CPU
		{781AC768-C160-49EE-BE00-E83E50026073}.Debug|Any CPU.Build.0 = Debug|Any CPU
		{781AC768-C160-49EE-BE00-E83E50026073}.Debug|iPhone.ActiveCfg = Debug|Any CPU
		{781AC768-C160-49EE-BE00-E83E50026073}.Debug|iPhone.Build.0 = Debug|Any CPU
		{781AC768-C160-49EE-BE00-E83E50026073}.Debug|iPhoneSimulator.ActiveCfg = Debug|Any CPU
		{781AC768-C160-49EE-BE00-E83E50026073}.Debug|iPhoneSimulator.Build.0 = Debug|Any CPU
		{781AC768-C160-49EE-BE00-E83E50026073}.Release|Any CPU.ActiveCfg = Release|Any CPU
		{781AC768-C160-49EE-BE00-E83E50026073}.Release|Any CPU.Build.0 = Release|Any CPU
		{781AC768-C160-49EE-BE00-E83E50026073}.Release|iPhone.ActiveCfg = Release|Any CPU
		{781AC768-C160-49EE-BE00-E83E50026073}.Release|iPhone.Build.0 = Release|Any CPU
		{781AC768-C160-49EE-BE00-E83E50026073}.Release|iPhoneSimulator.ActiveCfg = Release|Any CPU
		{781AC768-C160-49EE-BE00-E83E50026073}.Release|iPhoneSimulator.Build.0 = Release|Any CPU
		{A299FD12-D5B7-4B73-8EE9-AC65653E1B83}.Debug|Any CPU.ActiveCfg = Debug|Any CPU
		{A299FD12-D5B7-4B73-8EE9-AC65653E1B83}.Debug|Any CPU.Build.0 = Debug|Any CPU
		{A299FD12-D5B7-4B73-8EE9-AC65653E1B83}.Debug|iPhone.ActiveCfg = Debug|Any CPU
		{A299FD12-D5B7-4B73-8EE9-AC65653E1B83}.Debug|iPhone.Build.0 = Debug|Any CPU
		{A299FD12-D5B7-4B73-8EE9-AC65653E1B83}.Debug|iPhoneSimulator.ActiveCfg = Debug|Any CPU
		{A299FD12-D5B7-4B73-8EE9-AC65653E1B83}.Debug|iPhoneSimulator.Build.0 = Debug|Any CPU
		{A299FD12-D5B7-4B73-8EE9-AC65653E1B83}.Release|Any CPU.ActiveCfg = Release|Any CPU
		{A299FD12-D5B7-4B73-8EE9-AC65653E1B83}.Release|Any CPU.Build.0 = Release|Any CPU
		{A299FD12-D5B7-4B73-8EE9-AC65653E1B83}.Release|iPhone.ActiveCfg = Release|Any CPU
		{A299FD12-D5B7-4B73-8EE9-AC65653E1B83}.Release|iPhone.Build.0 = Release|Any CPU
		{A299FD12-D5B7-4B73-8EE9-AC65653E1B83}.Release|iPhoneSimulator.ActiveCfg = Release|Any CPU
		{A299FD12-D5B7-4B73-8EE9-AC65653E1B83}.Release|iPhoneSimulator.Build.0 = Release|Any CPU
		{43558FB3-4862-4B5B-8714-C069DE862676}.Debug|Any CPU.ActiveCfg = Debug|Any CPU
		{43558FB3-4862-4B5B-8714-C069DE862676}.Debug|Any CPU.Build.0 = Debug|Any CPU
		{43558FB3-4862-4B5B-8714-C069DE862676}.Debug|iPhone.ActiveCfg = Debug|Any CPU
		{43558FB3-4862-4B5B-8714-C069DE862676}.Debug|iPhone.Build.0 = Debug|Any CPU
		{43558FB3-4862-4B5B-8714-C069DE862676}.Debug|iPhoneSimulator.ActiveCfg = Debug|Any CPU
		{43558FB3-4862-4B5B-8714-C069DE862676}.Debug|iPhoneSimulator.Build.0 = Debug|Any CPU
		{43558FB3-4862-4B5B-8714-C069DE862676}.Release|Any CPU.ActiveCfg = Release|Any CPU
		{43558FB3-4862-4B5B-8714-C069DE862676}.Release|Any CPU.Build.0 = Release|Any CPU
		{43558FB3-4862-4B5B-8714-C069DE862676}.Release|iPhone.ActiveCfg = Release|Any CPU
		{43558FB3-4862-4B5B-8714-C069DE862676}.Release|iPhone.Build.0 = Release|Any CPU
		{43558FB3-4862-4B5B-8714-C069DE862676}.Release|iPhoneSimulator.ActiveCfg = Release|Any CPU
		{43558FB3-4862-4B5B-8714-C069DE862676}.Release|iPhoneSimulator.Build.0 = Release|Any CPU
		{3F09AF17-139A-4E9E-882A-C09C04B94B74}.Debug|Any CPU.ActiveCfg = Debug|Any CPU
		{3F09AF17-139A-4E9E-882A-C09C04B94B74}.Debug|Any CPU.Build.0 = Debug|Any CPU
		{3F09AF17-139A-4E9E-882A-C09C04B94B74}.Debug|Any CPU.Deploy.0 = Debug|Any CPU
		{3F09AF17-139A-4E9E-882A-C09C04B94B74}.Debug|iPhone.ActiveCfg = Debug|Any CPU
		{3F09AF17-139A-4E9E-882A-C09C04B94B74}.Debug|iPhone.Build.0 = Debug|Any CPU
		{3F09AF17-139A-4E9E-882A-C09C04B94B74}.Debug|iPhoneSimulator.ActiveCfg = Debug|Any CPU
		{3F09AF17-139A-4E9E-882A-C09C04B94B74}.Debug|iPhoneSimulator.Build.0 = Debug|Any CPU
		{3F09AF17-139A-4E9E-882A-C09C04B94B74}.Release|Any CPU.ActiveCfg = Release|Any CPU
		{3F09AF17-139A-4E9E-882A-C09C04B94B74}.Release|Any CPU.Build.0 = Release|Any CPU
		{3F09AF17-139A-4E9E-882A-C09C04B94B74}.Release|iPhone.ActiveCfg = Release|Any CPU
		{3F09AF17-139A-4E9E-882A-C09C04B94B74}.Release|iPhone.Build.0 = Release|Any CPU
		{3F09AF17-139A-4E9E-882A-C09C04B94B74}.Release|iPhoneSimulator.ActiveCfg = Release|Any CPU
		{3F09AF17-139A-4E9E-882A-C09C04B94B74}.Release|iPhoneSimulator.Build.0 = Release|Any CPU
		{3388E220-E607-4EE9-8ABE-842BC321D847}.Debug|Any CPU.ActiveCfg = Debug|iPhoneSimulator
		{3388E220-E607-4EE9-8ABE-842BC321D847}.Debug|Any CPU.Build.0 = Debug|iPhoneSimulator
		{3388E220-E607-4EE9-8ABE-842BC321D847}.Debug|iPhone.ActiveCfg = Debug|iPhone
		{3388E220-E607-4EE9-8ABE-842BC321D847}.Debug|iPhone.Build.0 = Debug|iPhone
		{3388E220-E607-4EE9-8ABE-842BC321D847}.Debug|iPhoneSimulator.ActiveCfg = Debug|iPhoneSimulator
		{3388E220-E607-4EE9-8ABE-842BC321D847}.Debug|iPhoneSimulator.Build.0 = Debug|iPhoneSimulator
		{3388E220-E607-4EE9-8ABE-842BC321D847}.Release|Any CPU.ActiveCfg = Release|iPhoneSimulator
		{3388E220-E607-4EE9-8ABE-842BC321D847}.Release|Any CPU.Build.0 = Release|iPhoneSimulator
		{3388E220-E607-4EE9-8ABE-842BC321D847}.Release|iPhone.ActiveCfg = Release|iPhone
		{3388E220-E607-4EE9-8ABE-842BC321D847}.Release|iPhone.Build.0 = Release|iPhone
		{3388E220-E607-4EE9-8ABE-842BC321D847}.Release|iPhoneSimulator.ActiveCfg = Release|iPhoneSimulator
		{3388E220-E607-4EE9-8ABE-842BC321D847}.Release|iPhoneSimulator.Build.0 = Release|iPhoneSimulator
		{842140AF-5D49-486C-88CB-048570A74C77}.Debug|Any CPU.ActiveCfg = Debug|Any CPU
		{842140AF-5D49-486C-88CB-048570A74C77}.Debug|Any CPU.Build.0 = Debug|Any CPU
		{842140AF-5D49-486C-88CB-048570A74C77}.Debug|iPhone.ActiveCfg = Debug|Any CPU
		{842140AF-5D49-486C-88CB-048570A74C77}.Debug|iPhone.Build.0 = Debug|Any CPU
		{842140AF-5D49-486C-88CB-048570A74C77}.Debug|iPhoneSimulator.ActiveCfg = Debug|Any CPU
		{842140AF-5D49-486C-88CB-048570A74C77}.Debug|iPhoneSimulator.Build.0 = Debug|Any CPU
		{842140AF-5D49-486C-88CB-048570A74C77}.Release|Any CPU.ActiveCfg = Release|Any CPU
		{842140AF-5D49-486C-88CB-048570A74C77}.Release|Any CPU.Build.0 = Release|Any CPU
		{842140AF-5D49-486C-88CB-048570A74C77}.Release|iPhone.ActiveCfg = Release|Any CPU
		{842140AF-5D49-486C-88CB-048570A74C77}.Release|iPhone.Build.0 = Release|Any CPU
		{842140AF-5D49-486C-88CB-048570A74C77}.Release|iPhoneSimulator.ActiveCfg = Release|Any CPU
		{842140AF-5D49-486C-88CB-048570A74C77}.Release|iPhoneSimulator.Build.0 = Release|Any CPU
		{1E6825DA-CCAA-44E0-AB40-C8E210C9F6B2}.Debug|Any CPU.ActiveCfg = Debug|Any CPU
		{1E6825DA-CCAA-44E0-AB40-C8E210C9F6B2}.Debug|Any CPU.Build.0 = Debug|Any CPU
		{1E6825DA-CCAA-44E0-AB40-C8E210C9F6B2}.Debug|iPhone.ActiveCfg = Debug|Any CPU
		{1E6825DA-CCAA-44E0-AB40-C8E210C9F6B2}.Debug|iPhone.Build.0 = Debug|Any CPU
		{1E6825DA-CCAA-44E0-AB40-C8E210C9F6B2}.Debug|iPhoneSimulator.ActiveCfg = Debug|Any CPU
		{1E6825DA-CCAA-44E0-AB40-C8E210C9F6B2}.Debug|iPhoneSimulator.Build.0 = Debug|Any CPU
		{1E6825DA-CCAA-44E0-AB40-C8E210C9F6B2}.Release|Any CPU.ActiveCfg = Release|Any CPU
		{1E6825DA-CCAA-44E0-AB40-C8E210C9F6B2}.Release|Any CPU.Build.0 = Release|Any CPU
		{1E6825DA-CCAA-44E0-AB40-C8E210C9F6B2}.Release|iPhone.ActiveCfg = Release|Any CPU
		{1E6825DA-CCAA-44E0-AB40-C8E210C9F6B2}.Release|iPhone.Build.0 = Release|Any CPU
		{1E6825DA-CCAA-44E0-AB40-C8E210C9F6B2}.Release|iPhoneSimulator.ActiveCfg = Release|Any CPU
		{1E6825DA-CCAA-44E0-AB40-C8E210C9F6B2}.Release|iPhoneSimulator.Build.0 = Release|Any CPU
		{96148996-F2E3-443C-8FF7-61DC0B50632A}.Debug|Any CPU.ActiveCfg = Debug|Any CPU
		{96148996-F2E3-443C-8FF7-61DC0B50632A}.Debug|Any CPU.Build.0 = Debug|Any CPU
		{96148996-F2E3-443C-8FF7-61DC0B50632A}.Debug|iPhone.ActiveCfg = Debug|Any CPU
		{96148996-F2E3-443C-8FF7-61DC0B50632A}.Debug|iPhone.Build.0 = Debug|Any CPU
		{96148996-F2E3-443C-8FF7-61DC0B50632A}.Debug|iPhoneSimulator.ActiveCfg = Debug|Any CPU
		{96148996-F2E3-443C-8FF7-61DC0B50632A}.Debug|iPhoneSimulator.Build.0 = Debug|Any CPU
		{96148996-F2E3-443C-8FF7-61DC0B50632A}.Release|Any CPU.ActiveCfg = Release|Any CPU
		{96148996-F2E3-443C-8FF7-61DC0B50632A}.Release|Any CPU.Build.0 = Release|Any CPU
		{96148996-F2E3-443C-8FF7-61DC0B50632A}.Release|iPhone.ActiveCfg = Release|Any CPU
		{96148996-F2E3-443C-8FF7-61DC0B50632A}.Release|iPhone.Build.0 = Release|Any CPU
		{96148996-F2E3-443C-8FF7-61DC0B50632A}.Release|iPhoneSimulator.ActiveCfg = Release|Any CPU
		{96148996-F2E3-443C-8FF7-61DC0B50632A}.Release|iPhoneSimulator.Build.0 = Release|Any CPU
	EndGlobalSection
	GlobalSection(SolutionProperties) = preSolution
		HideSolutionNode = FALSE
	EndGlobalSection
	GlobalSection(NestedProjects) = preSolution
		{55D68F2F-2AC2-405C-AF33-0A5193B4E945} = {818CB9BF-B6BB-4A72-930C-ADC8ABFC71BB}
		{781AC768-C160-49EE-BE00-E83E50026073} = {818CB9BF-B6BB-4A72-930C-ADC8ABFC71BB}
		{A299FD12-D5B7-4B73-8EE9-AC65653E1B83} = {818CB9BF-B6BB-4A72-930C-ADC8ABFC71BB}
		{43558FB3-4862-4B5B-8714-C069DE862676} = {A98AE6C9-AF23-4DF6-97B5-85FE17E06ED4}
		{3F09AF17-139A-4E9E-882A-C09C04B94B74} = {A98AE6C9-AF23-4DF6-97B5-85FE17E06ED4}
		{3388E220-E607-4EE9-8ABE-842BC321D847} = {A98AE6C9-AF23-4DF6-97B5-85FE17E06ED4}
		{842140AF-5D49-486C-88CB-048570A74C77} = {818CB9BF-B6BB-4A72-930C-ADC8ABFC71BB}
		{1E6825DA-CCAA-44E0-AB40-C8E210C9F6B2} = {818CB9BF-B6BB-4A72-930C-ADC8ABFC71BB}
		{96148996-F2E3-443C-8FF7-61DC0B50632A} = {818CB9BF-B6BB-4A72-930C-ADC8ABFC71BB}
	EndGlobalSection
	GlobalSection(ExtensibilityGlobals) = postSolution
		SolutionGuid = {300EF433-13B4-481F-85DE-4BCEFD2E2A21}
	EndGlobalSection
EndGlobal
